{
  "requires": true,
  "lockfileVersion": 1,
  "dependencies": {
    "axios": {
      "version": "0.18.0",
      "resolved": "https://registry.npmjs.org/axios/-/axios-0.18.0.tgz",
      "integrity": "sha1-MtU+SFHv3AoRmTts0AB4nXDAUQI=",
      "requires": {
        "follow-redirects": "1.5.0",
        "is-buffer": "1.1.6"
      }
    },
    "binary": {
      "version": "0.3.0",
      "resolved": "https://registry.npmjs.org/binary/-/binary-0.3.0.tgz",
      "integrity": "sha1-n2BVO8XOjDOG87VTz/R0Yq3sqnk=",
      "requires": {
        "buffers": "0.1.1",
        "chainsaw": "0.1.0"
      }
    },
    "buffers": {
      "version": "0.1.1",
      "resolved": "https://registry.npmjs.org/buffers/-/buffers-0.1.1.tgz",
      "integrity": "sha1-skV5w77U1tOWru5tmorn9Ugqt7s="
    },
    "chainsaw": {
      "version": "0.1.0",
      "resolved": "https://registry.npmjs.org/chainsaw/-/chainsaw-0.1.0.tgz",
      "integrity": "sha1-XqtQsor+WAdNDVgpE4iCi15fvJg=",
      "requires": {
        "traverse": "0.3.9"
      }
    },
    "debug": {
      "version": "3.1.0",
      "resolved": "https://registry.npmjs.org/debug/-/debug-3.1.0.tgz",
      "integrity": "sha512-OX8XqP7/1a9cqkxYw2yXss15f26NKWBpDXQd0/uK/KPqdQhxbPa994hnzjcE2VqQpDslf55723cKPUOGSmMY3g==",
      "requires": {
        "ms": "2.0.0"
      }
    },
    "follow-redirects": {
      "version": "1.5.0",
      "resolved": "https://registry.npmjs.org/follow-redirects/-/follow-redirects-1.5.0.tgz",
      "integrity": "sha512-fdrt472/9qQ6Kgjvb935ig6vJCuofpBUD14f9Vb+SLlm7xIe4Qva5gey8EKtv8lp7ahE1wilg3xL1znpVGtZIA==",
      "requires": {
        "debug": "3.1.0"
      }
    },
    "github-api": {
      "version": "3.0.0",
      "resolved": "https://registry.npmjs.org/github-api/-/github-api-3.0.0.tgz",
      "integrity": "sha1-KDL5jQ06g/FIXi2zLJJZ5LnECnU=",
      "requires": {
        "axios": "0.15.3",
        "debug": "2.6.9",
        "js-base64": "2.4.5",
        "utf8": "2.1.2"
      },
      "dependencies": {
        "axios": {
          "version": "0.15.3",
          "resolved": "https://registry.npmjs.org/axios/-/axios-0.15.3.tgz",
          "integrity": "sha1-LJ1jiy4ZGgjqHWzJiOrda6W9wFM=",
          "requires": {
            "follow-redirects": "1.0.0"
          }
        },
        "debug": {
          "version": "2.6.9",
          "resolved": "https://registry.npmjs.org/debug/-/debug-2.6.9.tgz",
          "integrity": "sha512-bC7ElrdJaJnPbAP+1EotYvqZsb3ecl5wi6Bfi6BJTUcNowp6cvspg0jXznRTKDjm/E7AdgFBVeAPVMNcKGsHMA==",
          "requires": {
            "ms": "2.0.0"
          }
        },
        "follow-redirects": {
          "version": "1.0.0",
          "resolved": "https://registry.npmjs.org/follow-redirects/-/follow-redirects-1.0.0.tgz",
          "integrity": "sha1-jjQpjL0uF28lTv/sdaHHjMhJ/Tc=",
          "requires": {
            "debug": "2.6.9"
          }
        }
      }
    },
    "is-buffer": {
      "version": "1.1.6",
      "resolved": "https://registry.npmjs.org/is-buffer/-/is-buffer-1.1.6.tgz",
      "integrity": "sha512-NcdALwpXkTm5Zvvbk7owOUSvVvBKDgKP5/ewfXEznmQFfs4ZRmanOeKBTjRVjka3QFoN6XJ+9F3USqfHqTaU5w=="
    },
    "js-base64": {
      "version": "2.4.5",
      "resolved": "https://registry.npmjs.org/js-base64/-/js-base64-2.4.5.tgz",
      "integrity": "sha512-aUnNwqMOXw3yvErjMPSQu6qIIzUmT1e5KcU1OZxRDU1g/am6mzBvcrmLAYwzmB59BHPrh5/tKaiF4OPhqRWESQ=="
    },
    "minimist": {
      "version": "0.0.8",
      "resolved": "https://registry.npmjs.org/minimist/-/minimist-0.0.8.tgz",
      "integrity": "sha1-hX/Kv8M5fSYluCKCYuhqp6ARsF0="
    },
    "mkdirp": {
      "version": "0.5.1",
      "resolved": "https://registry.npmjs.org/mkdirp/-/mkdirp-0.5.1.tgz",
      "integrity": "sha1-MAV0OOrGz3+MR2fzhkjWaX11yQM=",
      "requires": {
        "minimist": "0.0.8"
      }
    },
    "ms": {
      "version": "2.0.0",
      "resolved": "https://registry.npmjs.org/ms/-/ms-2.0.0.tgz",
      "integrity": "sha1-VgiurfwAvmwpAd9fmGF4jeDVl8g="
    },
    "traverse": {
      "version": "0.3.9",
      "resolved": "https://registry.npmjs.org/traverse/-/traverse-0.3.9.tgz",
      "integrity": "sha1-cXuPIgzAu3tE5AUUwisui7xw2Lk="
    },
    "unzip-stream": {
      "version": "0.3.0",
      "resolved": "https://registry.npmjs.org/unzip-stream/-/unzip-stream-0.3.0.tgz",
      "integrity": "sha512-NG1h/MdGIX3HzyqMjyj1laBCmlPYhcO4xEy7gEqqzGiSLw7XqDQCnY4nYSn5XSaH8mQ6TFkaujrO8d/PIZN85A==",
      "requires": {
        "binary": "0.3.0",
        "mkdirp": "0.5.1"
      }
    },
    "utf8": {
      "version": "2.1.2",
      "resolved": "https://registry.npmjs.org/utf8/-/utf8-2.1.2.tgz",
      "integrity": "sha1-H6DZJw6b6FDZsFAn9jUZv0ZFfZY="
    }
  }
}
